
Microsoft Visual Studio Solution File, Format Version 12.00
# Visual Studio 15
VisualStudioVersion = 15.0.26430.13
MinimumVisualStudioVersion = 10.0.40219.1
Project("{FAE04EC0-301F-11D3-BF4B-00C04F79EFBC}") = "R6Tenners", "R6Tenners\R6Tenners.csproj", "{B9F2ACD0-19CF-43DB-9AC2-3B5817709DFE}"
EndProject
Global
	GlobalSection(SolutionConfigurationPlatforms) = preSolution
		Debug|Any CPU = Debug|Any CPU
		Release|Any CPU = Release|Any CPU
	EndGlobalSection
	GlobalSection(ProjectConfigurationPlatforms) = postSolution
		{B9F2ACD0-19CF-43DB-9AC2-3B5817709DFE}.Debug|Any CPU.ActiveCfg = Debug|Any CPU
		{B9F2ACD0-19CF-43DB-9AC2-3B5817709DFE}.Debug|Any CPU.Build.0 = Debug|Any CPU
		{B9F2ACD0-19CF-43DB-9AC2-3B5817709DFE}.Release|Any CPU.ActiveCfg = Debug|Any CPU
		{B9F2ACD0-19CF-43DB-9AC2-3B5817709DFE}.Release|Any CPU.Build.0 = Debug|Any CPU
	EndGlobalSection
	GlobalSection(SolutionProperties) = preSolution
		HideSolutionNode = FALSE
	EndGlobalSection
EndGlobal
